{
  "version": 4,
  "terraform_version": "1.5.7",
  "serial": 12,
  "lineage": "5219117c-6db4-656c-1e20-4c13bc23ac01",
  "outputs": {},
  "resources": [
    {
      "module": "module.swiggy_dev_compute_and_storage",
      "mode": "managed",
      "type": "oci_identity_compartment",
      "name": "my_compartment",
      "provider": "provider[\"registry.terraform.io/hashicorp/oci\"]",
      "instances": [
        {
          "schema_version": 0,
          "attributes": {
            "compartment_id": "ocid1.compartment.oc1..aaaaaaaavynydsywuoyagurlehnmtz7k6qn42jwarfm6meiorifaol2ivcca",
            "defined_tags": {
              "Oracle-Tags.CreatedBy": "default/ngsoftlook@gmail.com",
              "Oracle-Tags.CreatedOn": "2026-07-02T08:29:34.203Z"
            },
            "description": "Child Compartment for swiggy Dev Storage Resources",
            "enable_delete": true,
            "freeform_tags": {},
            "id": "ocid1.compartment.oc1..aaaaaaaaq6pontlumkzjwc4j7kbl6jdqpr43deheh4fxupejxvzp4xsshm4q",
            "inactive_state": null,
            "is_accessible": true,
            "name": "swiggy-dev-compute-and-storage-compartment",
            "state": "ACTIVE",
            "time_created": "2026-07-02 08:29:34.287 +0000 UTC",
            "timeouts": null
          },
          "sensitive_attributes": [],
          "private": "eyJlMmJmYjczMC1lY2FhLTExZTYtOGY4OC0zNDM2M2JjN2M0YzAiOnsiZGVsZXRlIjo1NDAwMDAwMDAwMDAwfX0=",
          "dependencies": [
            "module.swiggy_dev_parent.oci_identity_compartment.my_compartment"
          ]
        }
      ]
    },
    {
      "module": "module.swiggy_dev_network",
      "mode": "managed",
      "type": "oci_identity_compartment",
      "name": "my_compartment",
      "provider": "provider[\"registry.terraform.io/hashicorp/oci\"]",
      "instances": [
        {
          "schema_version": 0,
          "attributes": {
            "compartment_id": "ocid1.compartment.oc1..aaaaaaaavynydsywuoyagurlehnmtz7k6qn42jwarfm6meiorifaol2ivcca",
            "defined_tags": {
              "Oracle-Tags.CreatedBy": "default/ngsoftlook@gmail.com",
              "Oracle-Tags.CreatedOn": "2026-07-02T08:29:34.240Z"
            },
            "description": "Child Compartment for swiggy Dev Network Resources",
            "enable_delete": true,
            "freeform_tags": {},
            "id": "ocid1.compartment.oc1..aaaaaaaa3hwo6dzr2yiyi562quqsbusrg4jd5bozw4pjndlemocn3fmbrmka",
            "inactive_state": null,
            "is_accessible": true,
            "name": "swiggy-dev-network-compartment",
            "state": "ACTIVE",
            "time_created": "2026-07-02 08:29:34.542 +0000 UTC",
            "timeouts": null
          },
          "sensitive_attributes": [],
          "private": "eyJlMmJmYjczMC1lY2FhLTExZTYtOGY4OC0zNDM2M2JjN2M0YzAiOnsiZGVsZXRlIjo1NDAwMDAwMDAwMDAwfX0=",
          "dependencies": [
            "module.swiggy_dev_parent.oci_identity_compartment.my_compartment"
          ]
        }
      ]
    },
    {
      "module": "module.swiggy_dev_parent",
      "mode": "managed",
      "type": "oci_identity_compartment",
      "name": "my_compartment",
      "provider": "provider[\"registry.terraform.io/hashicorp/oci\"]",
      "instances": [
        {
          "schema_version": 0,
          "attributes": {
            "compartment_id": "ocid1.tenancy.oc1..aaaaaaaacxrxza63ajbfdhvukzuxpv4y3oksxh256migpqx6lazpbbejuuga",
            "defined_tags": {
              "Oracle-Tags.CreatedBy": "default/ngsoftlook@gmail.com",
              "Oracle-Tags.CreatedOn": "2026-07-02T08:29:25.815Z"
            },
            "description": "Main Parent Compartment for Dev Environment",
            "enable_delete": true,
            "freeform_tags": {},
            "id": "ocid1.compartment.oc1..aaaaaaaavynydsywuoyagurlehnmtz7k6qn42jwarfm6meiorifaol2ivcca",
            "inactive_state": null,
            "is_accessible": true,
            "name": "swiggy-dev-compartment",
            "state": "ACTIVE",
            "time_created": "2026-07-02 08:29:25.914 +0000 UTC",
            "timeouts": null
          },
          "sensitive_attributes": [],
          "private": "eyJlMmJmYjczMC1lY2FhLTExZTYtOGY4OC0zNDM2M2JjN2M0YzAiOnsiZGVsZXRlIjo1NDAwMDAwMDAwMDAwfX0="
        }
      ]
    }
  ],
  "check_results": null
}
